// !$*UTF8*$!
{
	archiveVersion = 1;
	classes = {
	};
	objectVersion = 46;
	objects = {

/* Begin PBXBuildFile section */
		1F7451AA1DCD4C1E004F74F8 /* debug_logger.cpp in Sources */ = {isa = PBXBuildFile; fileRef = 1F7451A81DCD4C1E004F74F8 /* debug_logger.cpp */; };
		1F7451AD1DCD4C80004F74F8 /* debug_logger.hpp in Headers */ = {isa = PBXBuildFile; fileRef = 1F7451AC1DCD4C37004F74F8 /* debug_logger.hpp */; };
/* End PBXBuildFile section */

/* Begin PBXFileReference section */
		1F7451A11DCD4BB3004F74F8 /* libFRM_DEBUG_LOGGER.a */ = {isa = PBXFileReference; explicitFileType = archive.ar; includeInIndex = 0; path = libFRM_DEBUG_LOGGER.a; sourceTree = BUILT_PRODUCTS_DIR; };
		1F7451A81DCD4C1E004F74F8 /* debug_logger.cpp */ = {isa = PBXFileReference; fileEncoding = 4; lastKnownFileType = sourcecode.cpp.cpp; path = debug_logger.cpp; sourceTree = "<group>"; };
		1F7451AC1DCD4C37004F74F8 /* debug_logger.hpp */ = {isa = PBXFileReference; lastKnownFileType = sourcecode.cpp.h; path = debug_logger.hpp; sourceTree = "<group>"; };
/* End PBXFileReference section */

/* Begin PBXFrameworksBuildPhase section */
		1F74519E1DCD4BB3004F74F8 /* Frameworks */ = {
			isa = PBXFrameworksBuildPhase;
			buildActionMask = 2147483647;
			files = (
			);
			runOnlyForDeploymentPostprocessing = 0;
		};
/* End PBXFrameworksBuildPhase section */

/* Begin PBXGroup section */
		1F7451981DCD4BB3004F74F8 = {
			isa = PBXGroup;
			children = (
				1F7451AC1DCD4C37004F74F8 /* debug_logger.hpp */,
				1F7451A81DCD4C1E004F74F8 /* debug_logger.cpp */,
				1F7451A21DCD4BB3004F74F8 /* Products */,
			);
			sourceTree = "<group>";
		};
		1F7451A21DCD4BB3004F74F8 /* Products */ = {
			isa = PBXGroup;
			children = (
				1F7451A11DCD4BB3004F74F8 /* libFRM_DEBUG_LOGGER.a */,
			);
			name = Products;
			sourceTree = "<group>";
		};
/* End PBXGroup section */

/* Begin PBXHeadersBuildPhase section */
		1F74519F1DCD4BB3004F74F8 /* Headers */ = {
			isa = PBXHeadersBuildPhase;
			buildActionMask = 2147483647;
			files = (
				1F7451AD1DCD4C80004F74F8 /* debug_logger.hpp in Headers */,
			);
			runOnlyForDeploymentPostprocessing = 0;
		};
/* End PBXHeadersBuildPhase section */

/* Begin PBXNativeTarget section */
		1F7451A01DCD4BB3004F74F8 /* FRM_DEBUG_LOGGER */ = {
			isa = PBXNativeTarget;
			buildConfigurationList = 1F7451A51DCD4BB3004F74F8 /* Build configuration list for PBXNativeTarget "FRM_DEBUG_LOGGER" */;
			buildPhases = (
				1F74519D1DCD4BB3004F74F8 /* Sources */,
				1F74519E1DCD4BB3004F74F8 /* Frameworks */,
				1F74519F1DCD4BB3004F74F8 /* Headers */,
			);
			buildRules = (
			);
			dependencies = (
			);
			name = FRM_DEBUG_LOGGER;
			productName = "FRM_DEBUG:LOGGER";
			productReference = 1F7451A11DCD4BB3004F74F8 /* libFRM_DEBUG_LOGGER.a */;
			productType = "com.apple.product-type.library.static";
		};
/* End PBXNativeTarget section */

/* Begin PBXProject section */
		1F7451991DCD4BB3004F74F8 /* Project object */ = {
			isa = PBXProject;
			attributes = {
				LastUpgradeCheck = 0800;
				ORGANIZATIONNAME = "Marcel Ochsendorf";
				TargetAttributes = {
					1F7451A01DCD4BB3004F74F8 = {
						CreatedOnToolsVersion = 8.0;
						DevelopmentTeam = 7J69U3TZHX;
						ProvisioningStyle = Automatic;
					};
				};
			};
			buildConfigurationList = 1F74519C1DCD4BB3004F74F8 /* Build configuration list for PBXProject "FRM_DEBUG_LOGGER" */;
			compatibilityVersion = "Xcode 3.2";
			developmentRegion = English;
			hasScannedForEncodings = 0;
			knownRegions = (
				en,
			);
			mainGroup = 1F7451981DCD4BB3004F74F8;
			productRefGroup = 1F7451A21DCD4BB3004F74F8 /* Products */;
			projectDirPath = "";
			projectRoot = "";
			targets = (
				1F7451A01DCD4BB3004F74F8 /* FRM_DEBUG_LOGGER */,
			);
		};
/* End PBXProject section */

/* Begin PBXSourcesBuildPhase section */
		1F74519D1DCD4BB3004F74F8 /* Sources */ = {
			isa = PBXSourcesBuildPhase;
			buildActionMask = 2147483647;
			files = (
				1F7451AA1DCD4C1E004F74F8 /* debug_logger.cpp in Sources */,
			);
			runOnlyForDeploymentPostprocessing = 0;
		};
/* End PBXSourcesBuildPhase section */

/* Begin XCBuildConfiguration section */
		1F7451A31DCD4BB3004F74F8 /* Debug */ = {
			isa = XCBuildConfiguration;
			buildSettings = {
				ALWAYS_SEARCH_USER_PATHS = NO;
				CLANG_ANALYZER_NONNULL = YES;
				CLANG_CXX_LANGUAGE_STANDARD = "gnu++0x";
				CLANG_CXX_LIBRARY = "libc++";
				CLANG_ENABLE_MODULES = YES;
				CLANG_ENABLE_OBJC_ARC = YES;
				CLANG_WARN_BOOL_CONVERSION = YES;
				CLANG_WARN_CONSTANT_CONVERSION = YES;
				CLANG_WARN_DIRECT_OBJC_ISA_USAGE = YES_ERROR;
				CLANG_WARN_DOCUMENTATION_COMMENTS = YES;
				CLANG_WARN_EMPTY_BODY = YES;
				CLANG_WARN_ENUM_CONVERSION = YES;
				CLANG_WARN_INFINITE_RECURSION = YES;
				CLANG_WARN_INT_CONVERSION = YES;
				CLANG_WARN_OBJC_ROOT_CLASS = YES_ERROR;
				CLANG_WARN_SUSPICIOUS_MOVES = YES;
				CLANG_WARN_UNREACHABLE_CODE = YES;
				CLANG_WARN__DUPLICATE_METHOD_MATCH = YES;
				CODE_SIGN_IDENTITY = "-";
				COPY_PHASE_STRIP = NO;
				DEBUG_INFORMATION_FORMAT = dwarf;
				ENABLE_STRICT_OBJC_MSGSEND = YES;
				ENABLE_TESTABILITY = YES;
				GCC_C_LANGUAGE_STANDARD = gnu99;
				GCC_DYNAMIC_NO_PIC = NO;
				GCC_NO_COMMON_BLOCKS = YES;
				GCC_OPTIMIZATION_LEVEL = 0;
				GCC_PREPROCESSOR_DEFINITIONS = (
					"DEBUG=1",
					"$(inherited)",
				);
				GCC_WARN_64_TO_32_BIT_CONVERSION = YES;
				GCC_WARN_ABOUT_RETURN_TYPE = YES_ERROR;
				GCC_WARN_UNDECLARED_SELECTOR = YES;
				GCC_WARN_UNINITIALIZED_AUTOS = YES_AGGRESSIVE;
				GCC_WARN_UNUSED_FUNCTION = YES;
				GCC_WARN_UNUSED_VARIABLE = YES;
				MACOSX_DEPLOYMENT_TARGET = 10.12;
				MTL_ENABLE_DEBUG_INFO = YES;
				ONLY_ACTIVE_ARCH = YES;
				SDKROOT = macosx;
			};
			name = Debug;
		};
		1F7451A41DCD4BB3004F74F8 /* Release */ = {
			isa = XCBuildConfiguration;
			buildSettings = {
				ALWAYS_SEARCH_USER_PATHS = NO;
				CLANG_ANALYZER_NONNULL = YES;
				CLANG_CXX_LANGUAGE_STANDARD = "gnu++0x";
				CLANG_CXX_LIBRARY = "libc++";
				CLANG_ENABLE_MODULES = YES;
				CLANG_ENABLE_OBJC_ARC = YES;
				CLANG_WARN_BOOL_CONVERSION = YES;
				CLANG_WARN_CONSTANT_CONVERSION = YES;
				CLANG_WARN_DIRECT_OBJC_ISA_USAGE = YES_ERROR;
				CLANG_WARN_DOCUMENTATION_COMMENTS = YES;
				CLANG_WARN_EMPTY_BODY = YES;
				CLANG_WARN_ENUM_CONVERSION = YES;
				CLANG_WARN_INFINITE_RECURSION = YES;
				CLANG_WARN_INT_CONVERSION = YES;
				CLANG_WARN_OBJC_ROOT_CLASS = YES_ERROR;
				CLANG_WARN_SUSPICIOUS_MOVES = YES;
				CLANG_WARN_UNREACHABLE_CODE = YES;
				CLANG_WARN__DUPLICATE_METHOD_MATCH = YES;
				CODE_SIGN_IDENTITY = "-";
				COPY_PHASE_STRIP = NO;
				DEBUG_INFORMATION_FORMAT = "dwarf-with-dsym";
				ENABLE_NS_ASSERTIONS = NO;
				ENABLE_STRICT_OBJC_MSGSEND = YES;
				GCC_C_LANGUAGE_STANDARD = gnu99;
				GCC_NO_COMMON_BLOCKS = YES;
				GCC_WARN_64_TO_32_BIT_CONVERSION = YES;
				GCC_WARN_ABOUT_RETURN_TYPE = YES_ERROR;
				GCC_WARN_UNDECLARED_SELECTOR = YES;
				GCC_WARN_UNINITIALIZED_AUTOS = YES_AGGRESSIVE;
				GCC_WARN_UNUSED_FUNCTION = YES;
				GCC_WARN_UNUSED_VARIABLE = YES;
				MACOSX_DEPLOYMENT_TARGET = 10.12;
				MTL_ENABLE_DEBUG_INFO = NO;
				SDKROOT = macosx;
			};
			name = Release;
		};
		1F7451A61DCD4BB3004F74F8 /* Debug */ = {
			isa = XCBuildConfiguration;
			buildSettings = {
				DEVELOPMENT_TEAM = 7J69U3TZHX;
				EXECUTABLE_PREFIX = lib;
				PRODUCT_NAME = "$(TARGET_NAME)";
			};
			name = Debug;
		};
		1F7451A71DCD4BB3004F74F8 /* Release */ = {
			isa = XCBuildConfiguration;
			buildSettings = {
				DEVELOPMENT_TEAM = 7J69U3TZHX;
				EXECUTABLE_PREFIX = lib;
				PRODUCT_NAME = "$(TARGET_NAME)";
			};
			name = Release;
		};
/* End XCBuildConfiguration section */

/* Begin XCConfigurationList section */
		1F74519C1DCD4BB3004F74F8 /* Build configuration list for PBXProject "FRM_DEBUG_LOGGER" */ = {
			isa = XCConfigurationList;
			buildConfigurations = (
				1F7451A31DCD4BB3004F74F8 /* Debug */,
				1F7451A41DCD4BB3004F74F8 /* Release */,
			);
			defaultConfigurationIsVisible = 0;
			defaultConfigurationName = Release;
		};
		1F7451A51DCD4BB3004F74F8 /* Build configuration list for PBXNativeTarget "FRM_DEBUG_LOGGER" */ = {
			isa = XCConfigurationList;
			buildConfigurations = (
				1F7451A61DCD4BB3004F74F8 /* Debug */,
				1F7451A71DCD4BB3004F74F8 /* Release */,
			);
			defaultConfigurationIsVisible = 0;
			defaultConfigurationName = Release;
		};
/* End XCConfigurationList section */
	};
	rootObject = 1F7451991DCD4BB3004F74F8 /* Project object */;
}
